
Microsoft Visual Studio Solution File, Format Version 12.00
# Visual Studio Version 17
VisualStudioVersion = 17.5.33414.496
MinimumVisualStudioVersion = 10.0.40219.1
Project("{FAE04EC0-301F-11D3-BF4B-00C04F79EFBC}") = "VeriConsoleApp1", "VeriConsoleApp1\VeriConsoleApp1.csproj", "{DD18D5FD-3D55-4060-99BD-3E0159ECAF40}"
EndProject
Global
	GlobalSection(SolutionConfigurationPlatforms) = preSolution
		Debug|Any CPU = Debug|Any CPU
		Release|Any CPU = Release|Any CPU
	EndGlobalSection
	GlobalSection(ProjectConfigurationPlatforms) = postSolution
		{DD18D5FD-3D55-4060-99BD-3E0159ECAF40}.Debug|Any CPU.ActiveCfg = Debug|Any CPU
		{DD18D5FD-3D55-4060-99BD-3E0159ECAF40}.Debug|Any CPU.Build.0 = Debug|Any CPU
		{DD18D5FD-3D55-4060-99BD-3E0159ECAF40}.Release|Any CPU.ActiveCfg = Release|Any CPU
		{DD18D5FD-3D55-4060-99BD-3E0159ECAF40}.Release|Any CPU.Build.0 = Release|Any CPU
	EndGlobalSection
	GlobalSection(SolutionProperties) = preSolution
		HideSolutionNode = FALSE
	EndGlobalSection
	GlobalSection(ExtensibilityGlobals) = postSolution
		SolutionGuid = {1E8C191E-F3DB-4D11-BAE8-925373668CAC}
	EndGlobalSection
EndGlobal
